
Microsoft Visual Studio Solution File, Format Version 12.00
# Visual Studio Version 17
VisualStudioVersion = 17.11.35312.102
MinimumVisualStudioVersion = 10.0.40219.1
Project("{FAE04EC0-301F-11D3-BF4B-00C04F79EFBC}") = "Day9_Part1", "Day9_Part1.csproj", "{39039575-2223-44EC-81F0-9B63D5997B68}"
EndProject
Project("{FAE04EC0-301F-11D3-BF4B-00C04F79EFBC}") = "Day9_Part2", "..\Day9_Part2\Day9_Part2.csproj", "{27C065FC-2746-48A6-8B31-75F6433EE9D1}"
EndProject
Project("{FAE04EC0-301F-11D3-BF4B-00C04F79EFBC}") = "Day10_Part1", "..\Day10_Part1\Day10_Part1.csproj", "{6FFA93CE-A014-46AC-8754-11DD447385D3}"
EndProject
Project("{FAE04EC0-301F-11D3-BF4B-00C04F79EFBC}") = "Day10_Part2", "..\Day10_Part2\Day10_Part2.csproj", "{F9DB2404-34BC-4617-9AD8-27E5FF9634CD}"
EndProject
Project("{FAE04EC0-301F-11D3-BF4B-00C04F79EFBC}") = "Day13_Part1", "..\Day13_Part1\Day13_Part1.csproj", "{06449F1B-EB86-4E50-B862-F681D2E1BB52}"
EndProject
Project("{FAE04EC0-301F-11D3-BF4B-00C04F79EFBC}") = "Day13_Part2", "..\Day13_Part2\Day13_Part2.csproj", "{AE9D0FB9-348C-41CB-BA2C-45DAADE46C31}"
EndProject
Project("{FAE04EC0-301F-11D3-BF4B-00C04F79EFBC}") = "Day14_Part1", "..\Day14_Part1\Day14_Part1.csproj", "{1B653870-CFB9-44A4-9CE2-B016E8969A6F}"
EndProject
Project("{FAE04EC0-301F-11D3-BF4B-00C04F79EFBC}") = "Day14_Part2", "..\Day14_Part2\Day14_Part2.csproj", "{4A7BE953-D9BB-4C92-A8D9-14369D0F9A13}"
EndProject
Global
	GlobalSection(SolutionConfigurationPlatforms) = preSolution
		Debug|Any CPU = Debug|Any CPU
		Release|Any CPU = Release|Any CPU
	EndGlobalSection
	GlobalSection(ProjectConfigurationPlatforms) = postSolution
		{39039575-2223-44EC-81F0-9B63D5997B68}.Debug|Any CPU.ActiveCfg = Debug|Any CPU
		{39039575-2223-44EC-81F0-9B63D5997B68}.Debug|Any CPU.Build.0 = Debug|Any CPU
		{39039575-2223-44EC-81F0-9B63D5997B68}.Release|Any CPU.ActiveCfg = Release|Any CPU
		{39039575-2223-44EC-81F0-9B63D5997B68}.Release|Any CPU.Build.0 = Release|Any CPU
		{27C065FC-2746-48A6-8B31-75F6433EE9D1}.Debug|Any CPU.ActiveCfg = Debug|Any CPU
		{27C065FC-2746-48A6-8B31-75F6433EE9D1}.Debug|Any CPU.Build.0 = Debug|Any CPU
		{27C065FC-2746-48A6-8B31-75F6433EE9D1}.Release|Any CPU.ActiveCfg = Release|Any CPU
		{27C065FC-2746-48A6-8B31-75F6433EE9D1}.Release|Any CPU.Build.0 = Release|Any CPU
		{6FFA93CE-A014-46AC-8754-11DD447385D3}.Debug|Any CPU.ActiveCfg = Debug|Any CPU
		{6FFA93CE-A014-46AC-8754-11DD447385D3}.Debug|Any CPU.Build.0 = Debug|Any CPU
		{6FFA93CE-A014-46AC-8754-11DD447385D3}.Release|Any CPU.ActiveCfg = Release|Any CPU
		{6FFA93CE-A014-46AC-8754-11DD447385D3}.Release|Any CPU.Build.0 = Release|Any CPU
		{F9DB2404-34BC-4617-9AD8-27E5FF9634CD}.Debug|Any CPU.ActiveCfg = Debug|Any CPU
		{F9DB2404-34BC-4617-9AD8-27E5FF9634CD}.Debug|Any CPU.Build.0 = Debug|Any CPU
		{F9DB2404-34BC-4617-9AD8-27E5FF9634CD}.Release|Any CPU.ActiveCfg = Release|Any CPU
		{F9DB2404-34BC-4617-9AD8-27E5FF9634CD}.Release|Any CPU.Build.0 = Release|Any CPU
		{06449F1B-EB86-4E50-B862-F681D2E1BB52}.Debug|Any CPU.ActiveCfg = Debug|Any CPU
		{06449F1B-EB86-4E50-B862-F681D2E1BB52}.Debug|Any CPU.Build.0 = Debug|Any CPU
		{06449F1B-EB86-4E50-B862-F681D2E1BB52}.Release|Any CPU.ActiveCfg = Release|Any CPU
		{06449F1B-EB86-4E50-B862-F681D2E1BB52}.Release|Any CPU.Build.0 = Release|Any CPU
		{AE9D0FB9-348C-41CB-BA2C-45DAADE46C31}.Debug|Any CPU.ActiveCfg = Debug|Any CPU
		{AE9D0FB9-348C-41CB-BA2C-45DAADE46C31}.Debug|Any CPU.Build.0 = Debug|Any CPU
		{AE9D0FB9-348C-41CB-BA2C-45DAADE46C31}.Release|Any CPU.ActiveCfg = Release|Any CPU
		{AE9D0FB9-348C-41CB-BA2C-45DAADE46C31}.Release|Any CPU.Build.0 = Release|Any CPU
		{1B653870-CFB9-44A4-9CE2-B016E8969A6F}.Debug|Any CPU.ActiveCfg = Debug|Any CPU
		{1B653870-CFB9-44A4-9CE2-B016E8969A6F}.Debug|Any CPU.Build.0 = Debug|Any CPU
		{1B653870-CFB9-44A4-9CE2-B016E8969A6F}.Release|Any CPU.ActiveCfg = Release|Any CPU
		{1B653870-CFB9-44A4-9CE2-B016E8969A6F}.Release|Any CPU.Build.0 = Release|Any CPU
		{4A7BE953-D9BB-4C92-A8D9-14369D0F9A13}.Debug|Any CPU.ActiveCfg = Debug|Any CPU
		{4A7BE953-D9BB-4C92-A8D9-14369D0F9A13}.Debug|Any CPU.Build.0 = Debug|Any CPU
		{4A7BE953-D9BB-4C92-A8D9-14369D0F9A13}.Release|Any CPU.ActiveCfg = Release|Any CPU
		{4A7BE953-D9BB-4C92-A8D9-14369D0F9A13}.Release|Any CPU.Build.0 = Release|Any CPU
	EndGlobalSection
	GlobalSection(SolutionProperties) = preSolution
		HideSolutionNode = FALSE
	EndGlobalSection
	GlobalSection(ExtensibilityGlobals) = postSolution
		SolutionGuid = {D56DA865-6E65-45F9-A2F0-3585D569D327}
	EndGlobalSection
EndGlobal
